
Microsoft Visual Studio Solution File, Format Version 12.00
# Visual Studio Version 17
VisualStudioVersion = 17.2.32526.322
MinimumVisualStudioVersion = 10.0.40219.1
Project("{FAE04EC0-301F-11D3-BF4B-00C04F79EFBC}") = "task_2_1", "task_2_1.csproj", "{ED4C641F-24E5-43CE-94BA-C47853D37038}"
EndProject
Global
	GlobalSection(SolutionConfigurationPlatforms) = preSolution
		Debug|Any CPU = Debug|Any CPU
		Release|Any CPU = Release|Any CPU
	EndGlobalSection
	GlobalSection(ProjectConfigurationPlatforms) = postSolution
		{ED4C641F-24E5-43CE-94BA-C47853D37038}.Debug|Any CPU.ActiveCfg = Debug|Any CPU
		{ED4C641F-24E5-43CE-94BA-C47853D37038}.Debug|Any CPU.Build.0 = Debug|Any CPU
		{ED4C641F-24E5-43CE-94BA-C47853D37038}.Release|Any CPU.ActiveCfg = Release|Any CPU
		{ED4C641F-24E5-43CE-94BA-C47853D37038}.Release|Any CPU.Build.0 = Release|Any CPU
	EndGlobalSection
	GlobalSection(SolutionProperties) = preSolution
		HideSolutionNode = FALSE
	EndGlobalSection
	GlobalSection(ExtensibilityGlobals) = postSolution
		SolutionGuid = {2BF80EC5-72AB-4432-B64A-E9F31CF5866F}
	EndGlobalSection
EndGlobal
