
Microsoft Visual Studio Solution File, Format Version 12.00
# Visual Studio Version 17
VisualStudioVersion = 17.6.33723.286
MinimumVisualStudioVersion = 10.0.40219.1
Project("{FAE04EC0-301F-11D3-BF4B-00C04F79EFBC}") = "Ubaydulloev", "Ubaydulloev.csproj", "{1E22BBDE-B25D-40D2-AFF3-F651321988BC}"
EndProject
Global
	GlobalSection(SolutionConfigurationPlatforms) = preSolution
		Debug|Any CPU = Debug|Any CPU
		Release|Any CPU = Release|Any CPU
	EndGlobalSection
	GlobalSection(ProjectConfigurationPlatforms) = postSolution
		{1E22BBDE-B25D-40D2-AFF3-F651321988BC}.Debug|Any CPU.ActiveCfg = Debug|Any CPU
		{1E22BBDE-B25D-40D2-AFF3-F651321988BC}.Debug|Any CPU.Build.0 = Debug|Any CPU
		{1E22BBDE-B25D-40D2-AFF3-F651321988BC}.Release|Any CPU.ActiveCfg = Release|Any CPU
		{1E22BBDE-B25D-40D2-AFF3-F651321988BC}.Release|Any CPU.Build.0 = Release|Any CPU
	EndGlobalSection
	GlobalSection(SolutionProperties) = preSolution
		HideSolutionNode = FALSE
	EndGlobalSection
	GlobalSection(ExtensibilityGlobals) = postSolution
		SolutionGuid = {74B324F8-377E-49C1-A17D-50A35887576A}
	EndGlobalSection
EndGlobal
