
Microsoft Visual Studio Solution File, Format Version 12.00
# Visual Studio Version 17
VisualStudioVersion = 17.2.32526.322
MinimumVisualStudioVersion = 10.0.40219.1
Project("{FAE04EC0-301F-11D3-BF4B-00C04F79EFBC}") = "Homework_06_08_2023", "Homework_06_08_2023.csproj", "{F6BB206E-99BA-4212-B8DA-EA780189394B}"
EndProject
Global
	GlobalSection(SolutionConfigurationPlatforms) = preSolution
		Debug|Any CPU = Debug|Any CPU
		Release|Any CPU = Release|Any CPU
	EndGlobalSection
	GlobalSection(ProjectConfigurationPlatforms) = postSolution
		{F6BB206E-99BA-4212-B8DA-EA780189394B}.Debug|Any CPU.ActiveCfg = Debug|Any CPU
		{F6BB206E-99BA-4212-B8DA-EA780189394B}.Debug|Any CPU.Build.0 = Debug|Any CPU
		{F6BB206E-99BA-4212-B8DA-EA780189394B}.Release|Any CPU.ActiveCfg = Release|Any CPU
		{F6BB206E-99BA-4212-B8DA-EA780189394B}.Release|Any CPU.Build.0 = Release|Any CPU
	EndGlobalSection
	GlobalSection(SolutionProperties) = preSolution
		HideSolutionNode = FALSE
	EndGlobalSection
	GlobalSection(ExtensibilityGlobals) = postSolution
		SolutionGuid = {A46874D5-8530-4802-8A8A-B6E229593F27}
	EndGlobalSection
EndGlobal
