
Microsoft Visual Studio Solution File, Format Version 12.00
# Visual Studio Version 17
VisualStudioVersion = 17.2.32526.322
MinimumVisualStudioVersion = 10.0.40219.1
Project("{9A19103F-16F7-4668-BE54-9A1E7A4F7556}") = "Ubaydulloev_A_dz_1", "Ubaydulloev_A_dz_1.csproj", "{5ACF6CD9-0518-40F5-BEBB-299A4A9A33DF}"
EndProject
Project("{2150E333-8FDC-42A3-9474-1A3956D46DE8}") = "den_1", "den_1", "{46AAA609-B1A8-4245-B918-24A211355298}"
EndProject
Project("{9A19103F-16F7-4668-BE54-9A1E7A4F7556}") = "Task 2", "..\Task 2\Task 2.csproj", "{2DE47A77-6777-4C3B-9332-9E3C7D1616A9}"
EndProject
Project("{2150E333-8FDC-42A3-9474-1A3956D46DE8}") = "den_2", "den_2", "{E5203673-3828-47F4-80AB-6DB389361A04}"
EndProject
Project("{2150E333-8FDC-42A3-9474-1A3956D46DE8}") = "den_3", "den_3", "{3F08817D-D35C-43DC-B5A3-CC65FD09D18D}"
EndProject
Global
	GlobalSection(SolutionConfigurationPlatforms) = preSolution
		Debug|Any CPU = Debug|Any CPU
		Release|Any CPU = Release|Any CPU
	EndGlobalSection
	GlobalSection(ProjectConfigurationPlatforms) = postSolution
		{5ACF6CD9-0518-40F5-BEBB-299A4A9A33DF}.Debug|Any CPU.ActiveCfg = Debug|Any CPU
		{5ACF6CD9-0518-40F5-BEBB-299A4A9A33DF}.Debug|Any CPU.Build.0 = Debug|Any CPU
		{5ACF6CD9-0518-40F5-BEBB-299A4A9A33DF}.Release|Any CPU.ActiveCfg = Release|Any CPU
		{5ACF6CD9-0518-40F5-BEBB-299A4A9A33DF}.Release|Any CPU.Build.0 = Release|Any CPU
		{2DE47A77-6777-4C3B-9332-9E3C7D1616A9}.Debug|Any CPU.ActiveCfg = Debug|Any CPU
		{2DE47A77-6777-4C3B-9332-9E3C7D1616A9}.Debug|Any CPU.Build.0 = Debug|Any CPU
		{2DE47A77-6777-4C3B-9332-9E3C7D1616A9}.Release|Any CPU.ActiveCfg = Release|Any CPU
		{2DE47A77-6777-4C3B-9332-9E3C7D1616A9}.Release|Any CPU.Build.0 = Release|Any CPU
	EndGlobalSection
	GlobalSection(SolutionProperties) = preSolution
		HideSolutionNode = FALSE
	EndGlobalSection
	GlobalSection(NestedProjects) = preSolution
		{5ACF6CD9-0518-40F5-BEBB-299A4A9A33DF} = {46AAA609-B1A8-4245-B918-24A211355298}
		{2DE47A77-6777-4C3B-9332-9E3C7D1616A9} = {46AAA609-B1A8-4245-B918-24A211355298}
	EndGlobalSection
	GlobalSection(ExtensibilityGlobals) = postSolution
		SolutionGuid = {31B8824A-71FE-4DF6-AFE8-661D44495DF5}
	EndGlobalSection
EndGlobal
